
Microsoft Visual Studio Solution File, Format Version 12.00
# Visual Studio Version 17
VisualStudioVersion = 17.10.35122.118
MinimumVisualStudioVersion = 10.0.40219.1
Project("{FAE04EC0-301F-11D3-BF4B-00C04F79EFBC}") = "ProjetoPokemon", "ProjetoPokemon\ProjetoPokemon.csproj", "{F38A0BC2-D8A1-44C3-A7CA-9AD126FED86F}"
EndProject
Global
	GlobalSection(SolutionConfigurationPlatforms) = preSolution
		Debug|Any CPU = Debug|Any CPU
		Release|Any CPU = Release|Any CPU
	EndGlobalSection
	GlobalSection(ProjectConfigurationPlatforms) = postSolution
		{F38A0BC2-D8A1-44C3-A7CA-9AD126FED86F}.Debug|Any CPU.ActiveCfg = Debug|Any CPU
		{F38A0BC2-D8A1-44C3-A7CA-9AD126FED86F}.Debug|Any CPU.Build.0 = Debug|Any CPU
		{F38A0BC2-D8A1-44C3-A7CA-9AD126FED86F}.Release|Any CPU.ActiveCfg = Release|Any CPU
		{F38A0BC2-D8A1-44C3-A7CA-9AD126FED86F}.Release|Any CPU.Build.0 = Release|Any CPU
	EndGlobalSection
	GlobalSection(SolutionProperties) = preSolution
		HideSolutionNode = FALSE
	EndGlobalSection
	GlobalSection(ExtensibilityGlobals) = postSolution
		SolutionGuid = {16F19D9A-4CB1-497A-BBCD-44C608E7CCCD}
	EndGlobalSection
EndGlobal
